// !$*UTF8*$!
{
	archiveVersion = 1;
	classes = {
	};
	objectVersion = 55;
	objects = {

/* Begin PBXBuildFile section */
		4967A471282810F100606559 /* Credits.rtf in Resources */ = {isa = PBXBuildFile; fileRef = 4967A470282810F100606559 /* Credits.rtf */; };
		49E4CB092827ED3900980582 /* HA_MenuApp.swift in Sources */ = {isa = PBXBuildFile; fileRef = 49E4CB082827ED3900980582 /* HA_MenuApp.swift */; };
		49E4CB0B2827ED3900980582 /* ContentView.swift in Sources */ = {isa = PBXBuildFile; fileRef = 49E4CB0A2827ED3900980582 /* ContentView.swift */; };
		49E4CB0D2827ED3A00980582 /* Assets.xcassets in Resources */ = {isa = PBXBuildFile; fileRef = 49E4CB0C2827ED3A00980582 /* Assets.xcassets */; };
		49E4CB102827ED3A00980582 /* Preview Assets.xcassets in Resources */ = {isa = PBXBuildFile; fileRef = 49E4CB0F2827ED3A00980582 /* Preview Assets.xcassets */; };
		49E4CB1B2827ED3A00980582 /* HA_MenuTests.swift in Sources */ = {isa = PBXBuildFile; fileRef = 49E4CB1A2827ED3A00980582 /* HA_MenuTests.swift */; };
		49E4CB252827ED3A00980582 /* HA_MenuUITests.swift in Sources */ = {isa = PBXBuildFile; fileRef = 49E4CB242827ED3A00980582 /* HA_MenuUITests.swift */; };
		49E4CB272827ED3A00980582 /* HA_MenuUITestsLaunchTests.swift in Sources */ = {isa = PBXBuildFile; fileRef = 49E4CB262827ED3A00980582 /* HA_MenuUITestsLaunchTests.swift */; };
		49E7C7222975ADBF000941A0 /* ServerStatusView.swift in Sources */ = {isa = PBXBuildFile; fileRef = 49E7C7212975ADBF000941A0 /* ServerStatusView.swift */; };
		49E7C72429769B0A000941A0 /* ServerView.swift in Sources */ = {isa = PBXBuildFile; fileRef = 49E7C72329769B0A000941A0 /* ServerView.swift */; };
		49E7C7282976B119000941A0 /* StackNavigationView.swift in Sources */ = {isa = PBXBuildFile; fileRef = 49E7C7272976B119000941A0 /* StackNavigationView.swift */; };
		49E7C72A2977FEE6000941A0 /* HaServerDetails.swift in Sources */ = {isa = PBXBuildFile; fileRef = 49E7C7292977FEE6000941A0 /* HaServerDetails.swift */; };
		49E7C73129780432000941A0 /* ArrayUtils.swift in Sources */ = {isa = PBXBuildFile; fileRef = 49E7C73029780432000941A0 /* ArrayUtils.swift */; };
		49E7C73329782E55000941A0 /* HaService.swift in Sources */ = {isa = PBXBuildFile; fileRef = 49E7C73229782E55000941A0 /* HaService.swift */; };
		49E7C735297836E0000941A0 /* HaState.swift in Sources */ = {isa = PBXBuildFile; fileRef = 49E7C734297836E0000941A0 /* HaState.swift */; };
		49E7C73729783704000941A0 /* HaStateAttributes.swift in Sources */ = {isa = PBXBuildFile; fileRef = 49E7C73629783704000941A0 /* HaStateAttributes.swift */; };
		49E7C7392978372D000941A0 /* HaEntity.swift in Sources */ = {isa = PBXBuildFile; fileRef = 49E7C7382978372D000941A0 /* HaEntity.swift */; };
/* End PBXBuildFile section */

/* Begin PBXContainerItemProxy section */
		49E4CB172827ED3A00980582 /* PBXContainerItemProxy */ = {
			isa = PBXContainerItemProxy;
			containerPortal = 49E4CAFD2827ED3900980582 /* Project object */;
			proxyType = 1;
			remoteGlobalIDString = 49E4CB042827ED3900980582;
			remoteInfo = "HA Menu";
		};
		49E4CB212827ED3A00980582 /* PBXContainerItemProxy */ = {
			isa = PBXContainerItemProxy;
			containerPortal = 49E4CAFD2827ED3900980582 /* Project object */;
			proxyType = 1;
			remoteGlobalIDString = 49E4CB042827ED3900980582;
			remoteInfo = "HA Menu";
		};
/* End PBXContainerItemProxy section */

/* Begin PBXFileReference section */
		4967A470282810F100606559 /* Credits.rtf */ = {isa = PBXFileReference; fileEncoding = 4; lastKnownFileType = text.rtf; path = Credits.rtf; sourceTree = "<group>"; };
		49E4CB052827ED3900980582 /* HA Menu.app */ = {isa = PBXFileReference; explicitFileType = wrapper.application; includeInIndex = 0; path = "HA Menu.app"; sourceTree = BUILT_PRODUCTS_DIR; };
		49E4CB082827ED3900980582 /* HA_MenuApp.swift */ = {isa = PBXFileReference; lastKnownFileType = sourcecode.swift; path = HA_MenuApp.swift; sourceTree = "<group>"; };
		49E4CB0A2827ED3900980582 /* ContentView.swift */ = {isa = PBXFileReference; lastKnownFileType = sourcecode.swift; path = ContentView.swift; sourceTree = "<group>"; };
		49E4CB0C2827ED3A00980582 /* Assets.xcassets */ = {isa = PBXFileReference; lastKnownFileType = folder.assetcatalog; path = Assets.xcassets; sourceTree = "<group>"; };
		49E4CB0F2827ED3A00980582 /* Preview Assets.xcassets */ = {isa = PBXFileReference; lastKnownFileType = folder.assetcatalog; path = "Preview Assets.xcassets"; sourceTree = "<group>"; };
		49E4CB112827ED3A00980582 /* HA_Menu.entitlements */ = {isa = PBXFileReference; lastKnownFileType = text.plist.entitlements; path = HA_Menu.entitlements; sourceTree = "<group>"; };
		49E4CB162827ED3A00980582 /* HA MenuTests.xctest */ = {isa = PBXFileReference; explicitFileType = wrapper.cfbundle; includeInIndex = 0; path = "HA MenuTests.xctest"; sourceTree = BUILT_PRODUCTS_DIR; };
		49E4CB1A2827ED3A00980582 /* HA_MenuTests.swift */ = {isa = PBXFileReference; lastKnownFileType = sourcecode.swift; path = HA_MenuTests.swift; sourceTree = "<group>"; };
		49E4CB202827ED3A00980582 /* HA MenuUITests.xctest */ = {isa = PBXFileReference; explicitFileType = wrapper.cfbundle; includeInIndex = 0; path = "HA MenuUITests.xctest"; sourceTree = BUILT_PRODUCTS_DIR; };
		49E4CB242827ED3A00980582 /* HA_MenuUITests.swift */ = {isa = PBXFileReference; lastKnownFileType = sourcecode.swift; path = HA_MenuUITests.swift; sourceTree = "<group>"; };
		49E4CB262827ED3A00980582 /* HA_MenuUITestsLaunchTests.swift */ = {isa = PBXFileReference; lastKnownFileType = sourcecode.swift; path = HA_MenuUITestsLaunchTests.swift; sourceTree = "<group>"; };
		49E7C7212975ADBF000941A0 /* ServerStatusView.swift */ = {isa = PBXFileReference; lastKnownFileType = sourcecode.swift; path = ServerStatusView.swift; sourceTree = "<group>"; };
		49E7C72329769B0A000941A0 /* ServerView.swift */ = {isa = PBXFileReference; lastKnownFileType = sourcecode.swift; path = ServerView.swift; sourceTree = "<group>"; };
		49E7C7272976B119000941A0 /* StackNavigationView.swift */ = {isa = PBXFileReference; lastKnownFileType = sourcecode.swift; path = StackNavigationView.swift; sourceTree = "<group>"; };
		49E7C7292977FEE6000941A0 /* HaServerDetails.swift */ = {isa = PBXFileReference; lastKnownFileType = sourcecode.swift; path = HaServerDetails.swift; sourceTree = "<group>"; };
		49E7C73029780432000941A0 /* ArrayUtils.swift */ = {isa = PBXFileReference; lastKnownFileType = sourcecode.swift; path = ArrayUtils.swift; sourceTree = "<group>"; };
		49E7C73229782E55000941A0 /* HaService.swift */ = {isa = PBXFileReference; lastKnownFileType = sourcecode.swift; path = HaService.swift; sourceTree = "<group>"; };
		49E7C734297836E0000941A0 /* HaState.swift */ = {isa = PBXFileReference; lastKnownFileType = sourcecode.swift; path = HaState.swift; sourceTree = "<group>"; };
		49E7C73629783704000941A0 /* HaStateAttributes.swift */ = {isa = PBXFileReference; lastKnownFileType = sourcecode.swift; path = HaStateAttributes.swift; sourceTree = "<group>"; };
		49E7C7382978372D000941A0 /* HaEntity.swift */ = {isa = PBXFileReference; lastKnownFileType = sourcecode.swift; path = HaEntity.swift; sourceTree = "<group>"; };
/* End PBXFileReference section */

/* Begin PBXFrameworksBuildPhase section */
		49E4CB022827ED3900980582 /* Frameworks */ = {
			isa = PBXFrameworksBuildPhase;
			buildActionMask = 2147483647;
			files = (
			);
			runOnlyForDeploymentPostprocessing = 0;
		};
		49E4CB132827ED3A00980582 /* Frameworks */ = {
			isa = PBXFrameworksBuildPhase;
			buildActionMask = 2147483647;
			files = (
			);
			runOnlyForDeploymentPostprocessing = 0;
		};
		49E4CB1D2827ED3A00980582 /* Frameworks */ = {
			isa = PBXFrameworksBuildPhase;
			buildActionMask = 2147483647;
			files = (
			);
			runOnlyForDeploymentPostprocessing = 0;
		};
/* End PBXFrameworksBuildPhase section */

/* Begin PBXGroup section */
		49E4CAFC2827ED3900980582 = {
			isa = PBXGroup;
			children = (
				49E4CB072827ED3900980582 /* HA Menu */,
				49E4CB192827ED3A00980582 /* HA MenuTests */,
				49E4CB232827ED3A00980582 /* HA MenuUITests */,
				49E4CB062827ED3900980582 /* Products */,
			);
			sourceTree = "<group>";
		};
		49E4CB062827ED3900980582 /* Products */ = {
			isa = PBXGroup;
			children = (
				49E4CB052827ED3900980582 /* HA Menu.app */,
				49E4CB162827ED3A00980582 /* HA MenuTests.xctest */,
				49E4CB202827ED3A00980582 /* HA MenuUITests.xctest */,
			);
			name = Products;
			sourceTree = "<group>";
		};
		49E4CB072827ED3900980582 /* HA Menu */ = {
			isa = PBXGroup;
			children = (
				49E7C72F2978027A000941A0 /* Models */,
				49E7C72B297801CE000941A0 /* Utils */,
				49E4CB082827ED3900980582 /* HA_MenuApp.swift */,
				49E4CB0A2827ED3900980582 /* ContentView.swift */,
				49E7C7212975ADBF000941A0 /* ServerStatusView.swift */,
				49E7C72329769B0A000941A0 /* ServerView.swift */,
				49E7C7272976B119000941A0 /* StackNavigationView.swift */,
				49E4CB0C2827ED3A00980582 /* Assets.xcassets */,
				4967A470282810F100606559 /* Credits.rtf */,
				49E4CB112827ED3A00980582 /* HA_Menu.entitlements */,
				49E4CB0E2827ED3A00980582 /* Preview Content */,
			);
			path = "HA Menu";
			sourceTree = "<group>";
		};
		49E4CB0E2827ED3A00980582 /* Preview Content */ = {
			isa = PBXGroup;
			children = (
				49E4CB0F2827ED3A00980582 /* Preview Assets.xcassets */,
			);
			path = "Preview Content";
			sourceTree = "<group>";
		};
		49E4CB192827ED3A00980582 /* HA MenuTests */ = {
			isa = PBXGroup;
			children = (
				49E4CB1A2827ED3A00980582 /* HA_MenuTests.swift */,
			);
			path = "HA MenuTests";
			sourceTree = "<group>";
		};
		49E4CB232827ED3A00980582 /* HA MenuUITests */ = {
			isa = PBXGroup;
			children = (
				49E4CB242827ED3A00980582 /* HA_MenuUITests.swift */,
				49E4CB262827ED3A00980582 /* HA_MenuUITestsLaunchTests.swift */,
			);
			path = "HA MenuUITests";
			sourceTree = "<group>";
		};
		49E7C72B297801CE000941A0 /* Utils */ = {
			isa = PBXGroup;
			children = (
				49E7C73029780432000941A0 /* ArrayUtils.swift */,
			);
			path = Utils;
			sourceTree = "<group>";
		};
		49E7C72F2978027A000941A0 /* Models */ = {
			isa = PBXGroup;
			children = (
				49E7C7292977FEE6000941A0 /* HaServerDetails.swift */,
				49E7C73229782E55000941A0 /* HaService.swift */,
				49E7C734297836E0000941A0 /* HaState.swift */,
				49E7C7382978372D000941A0 /* HaEntity.swift */,
				49E7C73629783704000941A0 /* HaStateAttributes.swift */,
			);
			path = Models;
			sourceTree = "<group>";
		};
/* End PBXGroup section */

/* Begin PBXNativeTarget section */
		49E4CB042827ED3900980582 /* HA Menu */ = {
			isa = PBXNativeTarget;
			buildConfigurationList = 49E4CB2A2827ED3A00980582 /* Build configuration list for PBXNativeTarget "HA Menu" */;
			buildPhases = (
				49E4CB012827ED3900980582 /* Sources */,
				49E4CB022827ED3900980582 /* Frameworks */,
				49E4CB032827ED3900980582 /* Resources */,
			);
			buildRules = (
			);
			dependencies = (
			);
			name = "HA Menu";
			productName = "HA Menu";
			productReference = 49E4CB052827ED3900980582 /* HA Menu.app */;
			productType = "com.apple.product-type.application";
		};
		49E4CB152827ED3A00980582 /* HA MenuTests */ = {
			isa = PBXNativeTarget;
			buildConfigurationList = 49E4CB2D2827ED3A00980582 /* Build configuration list for PBXNativeTarget "HA MenuTests" */;
			buildPhases = (
				49E4CB122827ED3A00980582 /* Sources */,
				49E4CB132827ED3A00980582 /* Frameworks */,
				49E4CB142827ED3A00980582 /* Resources */,
			);
			buildRules = (
			);
			dependencies = (
				49E4CB182827ED3A00980582 /* PBXTargetDependency */,
			);
			name = "HA MenuTests";
			productName = "HA MenuTests";
			productReference = 49E4CB162827ED3A00980582 /* HA MenuTests.xctest */;
			productType = "com.apple.product-type.bundle.unit-test";
		};
		49E4CB1F2827ED3A00980582 /* HA MenuUITests */ = {
			isa = PBXNativeTarget;
			buildConfigurationList = 49E4CB302827ED3A00980582 /* Build configuration list for PBXNativeTarget "HA MenuUITests" */;
			buildPhases = (
				49E4CB1C2827ED3A00980582 /* Sources */,
				49E4CB1D2827ED3A00980582 /* Frameworks */,
				49E4CB1E2827ED3A00980582 /* Resources */,
			);
			buildRules = (
			);
			dependencies = (
				49E4CB222827ED3A00980582 /* PBXTargetDependency */,
			);
			name = "HA MenuUITests";
			productName = "HA MenuUITests";
			productReference = 49E4CB202827ED3A00980582 /* HA MenuUITests.xctest */;
			productType = "com.apple.product-type.bundle.ui-testing";
		};
/* End PBXNativeTarget section */

/* Begin PBXProject section */
		49E4CAFD2827ED3900980582 /* Project object */ = {
			isa = PBXProject;
			attributes = {
				BuildIndependentTargetsInParallel = 1;
				LastSwiftUpdateCheck = 1330;
				LastUpgradeCheck = 1410;
				TargetAttributes = {
					49E4CB042827ED3900980582 = {
						CreatedOnToolsVersion = 13.3.1;
					};
					49E4CB152827ED3A00980582 = {
						CreatedOnToolsVersion = 13.3.1;
						TestTargetID = 49E4CB042827ED3900980582;
					};
					49E4CB1F2827ED3A00980582 = {
						CreatedOnToolsVersion = 13.3.1;
						TestTargetID = 49E4CB042827ED3900980582;
					};
				};
			};
			buildConfigurationList = 49E4CB002827ED3900980582 /* Build configuration list for PBXProject "HA Menu" */;
			compatibilityVersion = "Xcode 13.0";
			developmentRegion = en;
			hasScannedForEncodings = 0;
			knownRegions = (
				en,
				Base,
			);
			mainGroup = 49E4CAFC2827ED3900980582;
			productRefGroup = 49E4CB062827ED3900980582 /* Products */;
			projectDirPath = "";
			projectRoot = "";
			targets = (
				49E4CB042827ED3900980582 /* HA Menu */,
				49E4CB152827ED3A00980582 /* HA MenuTests */,
				49E4CB1F2827ED3A00980582 /* HA MenuUITests */,
			);
		};
/* End PBXProject section */

/* Begin PBXResourcesBuildPhase section */
		49E4CB032827ED3900980582 /* Resources */ = {
			isa = PBXResourcesBuildPhase;
			buildActionMask = 2147483647;
			files = (
				49E4CB102827ED3A00980582 /* Preview Assets.xcassets in Resources */,
				4967A471282810F100606559 /* Credits.rtf in Resources */,
				49E4CB0D2827ED3A00980582 /* Assets.xcassets in Resources */,
			);
			runOnlyForDeploymentPostprocessing = 0;
		};
		49E4CB142827ED3A00980582 /* Resources */ = {
			isa = PBXResourcesBuildPhase;
			buildActionMask = 2147483647;
			files = (
			);
			runOnlyForDeploymentPostprocessing = 0;
		};
		49E4CB1E2827ED3A00980582 /* Resources */ = {
			isa = PBXResourcesBuildPhase;
			buildActionMask = 2147483647;
			files = (
			);
			runOnlyForDeploymentPostprocessing = 0;
		};
/* End PBXResourcesBuildPhase section */

/* Begin PBXSourcesBuildPhase section */
		49E4CB012827ED3900980582 /* Sources */ = {
			isa = PBXSourcesBuildPhase;
			buildActionMask = 2147483647;
			files = (
				49E4CB0B2827ED3900980582 /* ContentView.swift in Sources */,
				49E7C72429769B0A000941A0 /* ServerView.swift in Sources */,
				49E7C73729783704000941A0 /* HaStateAttributes.swift in Sources */,
				49E7C7392978372D000941A0 /* HaEntity.swift in Sources */,
				49E7C735297836E0000941A0 /* HaState.swift in Sources */,
				49E7C7282976B119000941A0 /* StackNavigationView.swift in Sources */,
				49E7C73129780432000941A0 /* ArrayUtils.swift in Sources */,
				49E7C7222975ADBF000941A0 /* ServerStatusView.swift in Sources */,
				49E7C72A2977FEE6000941A0 /* HaServerDetails.swift in Sources */,
				49E4CB092827ED3900980582 /* HA_MenuApp.swift in Sources */,
				49E7C73329782E55000941A0 /* HaService.swift in Sources */,
			);
			runOnlyForDeploymentPostprocessing = 0;
		};
		49E4CB122827ED3A00980582 /* Sources */ = {
			isa = PBXSourcesBuildPhase;
			buildActionMask = 2147483647;
			files = (
				49E4CB1B2827ED3A00980582 /* HA_MenuTests.swift in Sources */,
			);
			runOnlyForDeploymentPostprocessing = 0;
		};
		49E4CB1C2827ED3A00980582 /* Sources */ = {
			isa = PBXSourcesBuildPhase;
			buildActionMask = 2147483647;
			files = (
				49E4CB272827ED3A00980582 /* HA_MenuUITestsLaunchTests.swift in Sources */,
				49E4CB252827ED3A00980582 /* HA_MenuUITests.swift in Sources */,
			);
			runOnlyForDeploymentPostprocessing = 0;
		};
/* End PBXSourcesBuildPhase section */

/* Begin PBXTargetDependency section */
		49E4CB182827ED3A00980582 /* PBXTargetDependency */ = {
			isa = PBXTargetDependency;
			target = 49E4CB042827ED3900980582 /* HA Menu */;
			targetProxy = 49E4CB172827ED3A00980582 /* PBXContainerItemProxy */;
		};
		49E4CB222827ED3A00980582 /* PBXTargetDependency */ = {
			isa = PBXTargetDependency;
			target = 49E4CB042827ED3900980582 /* HA Menu */;
			targetProxy = 49E4CB212827ED3A00980582 /* PBXContainerItemProxy */;
		};
/* End PBXTargetDependency section */

/* Begin XCBuildConfiguration section */
		49E4CB282827ED3A00980582 /* Debug */ = {
			isa = XCBuildConfiguration;
			buildSettings = {
				ALWAYS_SEARCH_USER_PATHS = NO;
				CLANG_ANALYZER_NONNULL = YES;
				CLANG_ANALYZER_NUMBER_OBJECT_CONVERSION = YES_AGGRESSIVE;
				CLANG_CXX_LANGUAGE_STANDARD = "gnu++17";
				CLANG_ENABLE_MODULES = YES;
				CLANG_ENABLE_OBJC_ARC = YES;
				CLANG_ENABLE_OBJC_WEAK = YES;
				CLANG_WARN_BLOCK_CAPTURE_AUTORELEASING = YES;
				CLANG_WARN_BOOL_CONVERSION = YES;
				CLANG_WARN_COMMA = YES;
				CLANG_WARN_CONSTANT_CONVERSION = YES;
				CLANG_WARN_DEPRECATED_OBJC_IMPLEMENTATIONS = YES;
				CLANG_WARN_DIRECT_OBJC_ISA_USAGE = YES_ERROR;
				CLANG_WARN_DOCUMENTATION_COMMENTS = YES;
				CLANG_WARN_EMPTY_BODY = YES;
				CLANG_WARN_ENUM_CONVERSION = YES;
				CLANG_WARN_INFINITE_RECURSION = YES;
				CLANG_WARN_INT_CONVERSION = YES;
				CLANG_WARN_NON_LITERAL_NULL_CONVERSION = YES;
				CLANG_WARN_OBJC_IMPLICIT_RETAIN_SELF = YES;
				CLANG_WARN_OBJC_LITERAL_CONVERSION = YES;
				CLANG_WARN_OBJC_ROOT_CLASS = YES_ERROR;
				CLANG_WARN_QUOTED_INCLUDE_IN_FRAMEWORK_HEADER = YES;
				CLANG_WARN_RANGE_LOOP_ANALYSIS = YES;
				CLANG_WARN_STRICT_PROTOTYPES = YES;
				CLANG_WARN_SUSPICIOUS_MOVE = YES;
				CLANG_WARN_UNGUARDED_AVAILABILITY = YES_AGGRESSIVE;
				CLANG_WARN_UNREACHABLE_CODE = YES;
				CLANG_WARN__DUPLICATE_METHOD_MATCH = YES;
				COPY_PHASE_STRIP = NO;
				DEAD_CODE_STRIPPING = YES;
				DEBUG_INFORMATION_FORMAT = dwarf;
				ENABLE_STRICT_OBJC_MSGSEND = YES;
				ENABLE_TESTABILITY = YES;
				GCC_C_LANGUAGE_STANDARD = gnu11;
				GCC_DYNAMIC_NO_PIC = NO;
				GCC_NO_COMMON_BLOCKS = YES;
				GCC_OPTIMIZATION_LEVEL = 0;
				GCC_PREPROCESSOR_DEFINITIONS = (
					"DEBUG=1",
					"$(inherited)",
				);
				GCC_WARN_64_TO_32_BIT_CONVERSION = YES;
				GCC_WARN_ABOUT_RETURN_TYPE = YES_ERROR;
				GCC_WARN_UNDECLARED_SELECTOR = YES;
				GCC_WARN_UNINITIALIZED_AUTOS = YES_AGGRESSIVE;
				GCC_WARN_UNUSED_FUNCTION = YES;
				GCC_WARN_UNUSED_VARIABLE = YES;
				MACOSX_DEPLOYMENT_TARGET = 13.0;
				MTL_ENABLE_DEBUG_INFO = INCLUDE_SOURCE;
				MTL_FAST_MATH = YES;
				ONLY_ACTIVE_ARCH = YES;
				SDKROOT = macosx;
				SWIFT_ACTIVE_COMPILATION_CONDITIONS = DEBUG;
				SWIFT_OPTIMIZATION_LEVEL = "-Onone";
			};
			name = Debug;
		};
		49E4CB292827ED3A00980582 /* Release */ = {
			isa = XCBuildConfiguration;
			buildSettings = {
				ALWAYS_SEARCH_USER_PATHS = NO;
				CLANG_ANALYZER_NONNULL = YES;
				CLANG_ANALYZER_NUMBER_OBJECT_CONVERSION = YES_AGGRESSIVE;
				CLANG_CXX_LANGUAGE_STANDARD = "gnu++17";
				CLANG_ENABLE_MODULES = YES;
				CLANG_ENABLE_OBJC_ARC = YES;
				CLANG_ENABLE_OBJC_WEAK = YES;
				CLANG_WARN_BLOCK_CAPTURE_AUTORELEASING = YES;
				CLANG_WARN_BOOL_CONVERSION = YES;
				CLANG_WARN_COMMA = YES;
				CLANG_WARN_CONSTANT_CONVERSION = YES;
				CLANG_WARN_DEPRECATED_OBJC_IMPLEMENTATIONS = YES;
				CLANG_WARN_DIRECT_OBJC_ISA_USAGE = YES_ERROR;
				CLANG_WARN_DOCUMENTATION_COMMENTS = YES;
				CLANG_WARN_EMPTY_BODY = YES;
				CLANG_WARN_ENUM_CONVERSION = YES;
				CLANG_WARN_INFINITE_RECURSION = YES;
				CLANG_WARN_INT_CONVERSION = YES;
				CLANG_WARN_NON_LITERAL_NULL_CONVERSION = YES;
				CLANG_WARN_OBJC_IMPLICIT_RETAIN_SELF = YES;
				CLANG_WARN_OBJC_LITERAL_CONVERSION = YES;
				CLANG_WARN_OBJC_ROOT_CLASS = YES_ERROR;
				CLANG_WARN_QUOTED_INCLUDE_IN_FRAMEWORK_HEADER = YES;
				CLANG_WARN_RANGE_LOOP_ANALYSIS = YES;
				CLANG_WARN_STRICT_PROTOTYPES = YES;
				CLANG_WARN_SUSPICIOUS_MOVE = YES;
				CLANG_WARN_UNGUARDED_AVAILABILITY = YES_AGGRESSIVE;
				CLANG_WARN_UNREACHABLE_CODE = YES;
				CLANG_WARN__DUPLICATE_METHOD_MATCH = YES;
				COPY_PHASE_STRIP = NO;
				DEAD_CODE_STRIPPING = YES;
				DEBUG_INFORMATION_FORMAT = "dwarf-with-dsym";
				ENABLE_NS_ASSERTIONS = NO;
				ENABLE_STRICT_OBJC_MSGSEND = YES;
				GCC_C_LANGUAGE_STANDARD = gnu11;
				GCC_NO_COMMON_BLOCKS = YES;
				GCC_WARN_64_TO_32_BIT_CONVERSION = YES;
				GCC_WARN_ABOUT_RETURN_TYPE = YES_ERROR;
				GCC_WARN_UNDECLARED_SELECTOR = YES;
				GCC_WARN_UNINITIALIZED_AUTOS = YES_AGGRESSIVE;
				GCC_WARN_UNUSED_FUNCTION = YES;
				GCC_WARN_UNUSED_VARIABLE = YES;
				MACOSX_DEPLOYMENT_TARGET = 13.0;
				MTL_ENABLE_DEBUG_INFO = NO;
				MTL_FAST_MATH = YES;
				SDKROOT = macosx;
				SWIFT_COMPILATION_MODE = wholemodule;
				SWIFT_OPTIMIZATION_LEVEL = "-O";
			};
			name = Release;
		};
		49E4CB2B2827ED3A00980582 /* Debug */ = {
			isa = XCBuildConfiguration;
			buildSettings = {
				ASSETCATALOG_COMPILER_APPICON_NAME = AppIcon;
				ASSETCATALOG_COMPILER_GLOBAL_ACCENT_COLOR_NAME = AccentColor;
				CODE_SIGN_ENTITLEMENTS = "HA Menu/HA_Menu.entitlements";
				CODE_SIGN_IDENTITY = "-";
				CODE_SIGN_STYLE = Automatic;
				COMBINE_HIDPI_IMAGES = YES;
				CURRENT_PROJECT_VERSION = 1;
				DEAD_CODE_STRIPPING = YES;
				DEVELOPMENT_ASSET_PATHS = "\"HA Menu/Preview Content\"";
				DEVELOPMENT_TEAM = VZ3Z8BPWPW;
				ENABLE_HARDENED_RUNTIME = YES;
				ENABLE_PREVIEWS = YES;
				GENERATE_INFOPLIST_FILE = YES;
				INFOPLIST_FILE = "HA Menu/Info.plist";
				INFOPLIST_KEY_CFBundleDisplayName = "HA Menu";
				INFOPLIST_KEY_LSApplicationCategoryType = "public.app-category.utilities";
				INFOPLIST_KEY_NSHumanReadableCopyright = "Copyright © 2023 CodeChimp. All rights reserved.";
				INFOPLIST_KEY_NSMainStoryboardFile = Main;
				INFOPLIST_KEY_NSPrincipalClass = NSApplication;
				LD_RUNPATH_SEARCH_PATHS = (
					"$(inherited)",
					"@executable_path/../Frameworks",
				);
				MARKETING_VERSION = 3.0;
				PRODUCT_BUNDLE_IDENTIFIER = "org.codechimp.HA-Menu";
				PRODUCT_NAME = "$(TARGET_NAME)";
				SWIFT_EMIT_LOC_STRINGS = YES;
				SWIFT_VERSION = 5.0;
			};
			name = Debug;
		};
		49E4CB2C2827ED3A00980582 /* Release */ = {
			isa = XCBuildConfiguration;
			buildSettings = {
				ASSETCATALOG_COMPILER_APPICON_NAME = AppIcon;
				ASSETCATALOG_COMPILER_GLOBAL_ACCENT_COLOR_NAME = AccentColor;
				CODE_SIGN_ENTITLEMENTS = "HA Menu/HA_Menu.entitlements";
				CODE_SIGN_IDENTITY = "-";
				CODE_SIGN_STYLE = Automatic;
				COMBINE_HIDPI_IMAGES = YES;
				CURRENT_PROJECT_VERSION = 1;
				DEAD_CODE_STRIPPING = YES;
				DEVELOPMENT_ASSET_PATHS = "\"HA Menu/Preview Content\"";
				DEVELOPMENT_TEAM = VZ3Z8BPWPW;
				ENABLE_HARDENED_RUNTIME = YES;
				ENABLE_PREVIEWS = YES;
				GENERATE_INFOPLIST_FILE = YES;
				INFOPLIST_FILE = "HA Menu/Info.plist";
				INFOPLIST_KEY_CFBundleDisplayName = "HA Menu";
				INFOPLIST_KEY_LSApplicationCategoryType = "public.app-category.utilities";
				INFOPLIST_KEY_NSHumanReadableCopyright = "Copyright © 2023 CodeChimp. All rights reserved.";
				INFOPLIST_KEY_NSMainStoryboardFile = Main;
				INFOPLIST_KEY_NSPrincipalClass = NSApplication;
				LD_RUNPATH_SEARCH_PATHS = (
					"$(inherited)",
					"@executable_path/../Frameworks",
				);
				MARKETING_VERSION = 3.0;
				PRODUCT_BUNDLE_IDENTIFIER = "org.codechimp.HA-Menu";
				PRODUCT_NAME = "$(TARGET_NAME)";
				SWIFT_EMIT_LOC_STRINGS = YES;
				SWIFT_VERSION = 5.0;
			};
			name = Release;
		};
		49E4CB2E2827ED3A00980582 /* Debug */ = {
			isa = XCBuildConfiguration;
			buildSettings = {
				ALWAYS_EMBED_SWIFT_STANDARD_LIBRARIES = YES;
				BUNDLE_LOADER = "$(TEST_HOST)";
				CODE_SIGN_STYLE = Automatic;
				CURRENT_PROJECT_VERSION = 1;
				DEAD_CODE_STRIPPING = YES;
				DEVELOPMENT_TEAM = VZ3Z8BPWPW;
				GENERATE_INFOPLIST_FILE = YES;
				MACOSX_DEPLOYMENT_TARGET = 12.3;
				MARKETING_VERSION = 1.0;
				PRODUCT_BUNDLE_IDENTIFIER = "org.codechimp.HA-MenuTests";
				PRODUCT_NAME = "$(TARGET_NAME)";
				SWIFT_EMIT_LOC_STRINGS = NO;
				SWIFT_VERSION = 5.0;
				TEST_HOST = "$(BUILT_PRODUCTS_DIR)/HA Menu.app/Contents/MacOS/HA Menu";
			};
			name = Debug;
		};
		49E4CB2F2827ED3A00980582 /* Release */ = {
			isa = XCBuildConfiguration;
			buildSettings = {
				ALWAYS_EMBED_SWIFT_STANDARD_LIBRARIES = YES;
				BUNDLE_LOADER = "$(TEST_HOST)";
				CODE_SIGN_STYLE = Automatic;
				CURRENT_PROJECT_VERSION = 1;
				DEAD_CODE_STRIPPING = YES;
				DEVELOPMENT_TEAM = VZ3Z8BPWPW;
				GENERATE_INFOPLIST_FILE = YES;
				MACOSX_DEPLOYMENT_TARGET = 12.3;
				MARKETING_VERSION = 1.0;
				PRODUCT_BUNDLE_IDENTIFIER = "org.codechimp.HA-MenuTests";
				PRODUCT_NAME = "$(TARGET_NAME)";
				SWIFT_EMIT_LOC_STRINGS = NO;
				SWIFT_VERSION = 5.0;
				TEST_HOST = "$(BUILT_PRODUCTS_DIR)/HA Menu.app/Contents/MacOS/HA Menu";
			};
			name = Release;
		};
		49E4CB312827ED3A00980582 /* Debug */ = {
			isa = XCBuildConfiguration;
			buildSettings = {
				ALWAYS_EMBED_SWIFT_STANDARD_LIBRARIES = YES;
				CODE_SIGN_STYLE = Automatic;
				CURRENT_PROJECT_VERSION = 1;
				DEAD_CODE_STRIPPING = YES;
				DEVELOPMENT_TEAM = VZ3Z8BPWPW;
				GENERATE_INFOPLIST_FILE = YES;
				MARKETING_VERSION = 1.0;
				PRODUCT_BUNDLE_IDENTIFIER = "org.codechimp.HA-MenuUITests";
				PRODUCT_NAME = "$(TARGET_NAME)";
				SWIFT_EMIT_LOC_STRINGS = NO;
				SWIFT_VERSION = 5.0;
				TEST_TARGET_NAME = "HA Menu";
			};
			name = Debug;
		};
		49E4CB322827ED3A00980582 /* Release */ = {
			isa = XCBuildConfiguration;
			buildSettings = {
				ALWAYS_EMBED_SWIFT_STANDARD_LIBRARIES = YES;
				CODE_SIGN_STYLE = Automatic;
				CURRENT_PROJECT_VERSION = 1;
				DEAD_CODE_STRIPPING = YES;
				DEVELOPMENT_TEAM = VZ3Z8BPWPW;
				GENERATE_INFOPLIST_FILE = YES;
				MARKETING_VERSION = 1.0;
				PRODUCT_BUNDLE_IDENTIFIER = "org.codechimp.HA-MenuUITests";
				PRODUCT_NAME = "$(TARGET_NAME)";
				SWIFT_EMIT_LOC_STRINGS = NO;
				SWIFT_VERSION = 5.0;
				TEST_TARGET_NAME = "HA Menu";
			};
			name = Release;
		};
/* End XCBuildConfiguration section */

/* Begin XCConfigurationList section */
		49E4CB002827ED3900980582 /* Build configuration list for PBXProject "HA Menu" */ = {
			isa = XCConfigurationList;
			buildConfigurations = (
				49E4CB282827ED3A00980582 /* Debug */,
				49E4CB292827ED3A00980582 /* Release */,
			);
			defaultConfigurationIsVisible = 0;
			defaultConfigurationName = Release;
		};
		49E4CB2A2827ED3A00980582 /* Build configuration list for PBXNativeTarget "HA Menu" */ = {
			isa = XCConfigurationList;
			buildConfigurations = (
				49E4CB2B2827ED3A00980582 /* Debug */,
				49E4CB2C2827ED3A00980582 /* Release */,
			);
			defaultConfigurationIsVisible = 0;
			defaultConfigurationName = Release;
		};
		49E4CB2D2827ED3A00980582 /* Build configuration list for PBXNativeTarget "HA MenuTests" */ = {
			isa = XCConfigurationList;
			buildConfigurations = (
				49E4CB2E2827ED3A00980582 /* Debug */,
				49E4CB2F2827ED3A00980582 /* Release */,
			);
			defaultConfigurationIsVisible = 0;
			defaultConfigurationName = Release;
		};
		49E4CB302827ED3A00980582 /* Build configuration list for PBXNativeTarget "HA MenuUITests" */ = {
			isa = XCConfigurationList;
			buildConfigurations = (
				49E4CB312827ED3A00980582 /* Debug */,
				49E4CB322827ED3A00980582 /* Release */,
			);
			defaultConfigurationIsVisible = 0;
			defaultConfigurationName = Release;
		};
/* End XCConfigurationList section */
	};
	rootObject = 49E4CAFD2827ED3900980582 /* Project object */;
}
